github.com/BurntSushi/xgb v0.0.0-20160522181843-27f122750802/go.mod h1:IVnqGOEym/WlBOVXweHU+Q+/VP0lqqI8lqeDx9IjBqo=
github.com/davecgh/go-spew v1.1.0/go.mod h1:J7Y8YcW2NihsgmVo/mv3lAwl/skON4iLHjSsI+c5H38=
github.com/davecgh/go-spew v1.1.1/go.mod h1:J7Y8YcW2NihsgmVo/mv3lAwl/skON4iLHjSsI+c5H38=
github.com/google/btree v1.0.0 h1:0udJVsspx3VBr5FwtLhQQtuAsVc79tTq0ocGIPAU6qo=
github.com/google/btree v1.0.0/go.mod h1:lNA+9X1NB3Zf8V7Ke586lFgjr2dZNuvo3lPJSGZ5JPQ=
github.com/google/go-cmp v0.5.2/go.mod h1:v8dTdLbMG2kIc/vJvl+f65V22dbkXbowE6jgT/gNBxE=
github.com/google/netstack v0.0.0-20191123085552-55fcc16cd0eb h1:/YcrD0GSdU5gtckXHVjSEd0Y6VgboNW7VYyImZS3y6g=
github.com/google/netstack v0.0.0-20191123085552-55fcc16cd0eb/go.mod h1:r/rILWg3r1Qy9G1IFMhsqWLq2GjwuYoTuPgG7ckMAjk=
github.com/gorilla/websocket v1.4.2 h1:+/TMaTYc4QFitKJxsQ7Yye35DkWvkdLcvGKqM+x0Ufc=
github.com/gorilla/websocket v1.4.2/go.mod h1:YR8l580nyteQvAITg2hZ9XVh4b55+EU/adAjf1fMHhE=
github.com/kr/pretty v0.1.0/go.mod h1:dAy3ld7l9f0ibDNOQOHHMYYIIbhfbHSm3C4ZsoJORNo=
github.com/kr/pty v1.1.1/go.mod h1:pFQYn66WHrOpPYNljwOMqo10TkYh1fy3cYio2l3bCsQ=
github.com/kr/text v0.1.0/go.mod h1:4Jbv+DJW3UT/LiOwJeYQe1efqtUx/iVham/4vfdArNI=
github.com/pmezard/go-difflib v1.0.0/go.mod h1:iKH77koFhYxTK1pcRnkKkqfTogsbg7gZNVY4sRDYZ/4=
github.com/polevpn/anyvalue v1.0.3 h1:lhtMtWNARs++kbvSDwyewqUMXZ1WFYrvGGXuY+SnT8A=
github.com/polevpn/anyvalue v1.0.3/go.mod h1:SAmPKOT6BtaGar2NZc9u/TUZgDYBXO7lZZ9q1MU0LVk=
github.com/polevpn/elog v1.0.3 h1:f989+aTe5lPHKPC/U93Gu0J287eahDkV1TwpvW/xwu8=
github.com/polevpn/elog v1.0.3/go.mod h1:u30sJGFE2hYV+KuEmE4Bw7Qh0J3eXS3AEXjyHtqPDjU=
github.com/polevpn/elog v1.0.4 h1:8Z79UaNF6zKXdMShdzSOqtDJBl/HL6hDbERX7wziiZY=
github.com/polevpn/elog v1.0.4/go.mod h1:u30sJGFE2hYV+KuEmE4Bw7Qh0J3eXS3AEXjyHtqPDjU=
github.com/polevpn/elog v1.0.5 h1:N0cjc3k6X7nI09R9F09gw/fJWkCCb1/V1eUE+x3Ui1k=
github.com/polevpn/elog v1.0.5/go.mod h1:u30sJGFE2hYV+KuEmE4Bw7Qh0J3eXS3AEXjyHtqPDjU=
github.com/polevpn/elog v1.0.6 h1:Nat+lqXcI2s9e18ypx0CHyqM4RhOFQ1R4ixmAdNDGMg=
github.com/polevpn/elog v1.0.6/go.mod h1:u30sJGFE2hYV+KuEmE4Bw7Qh0J3eXS3AEXjyHtqPDjU=
github.com/polevpn/geoip v1.0.0 h1:CxDOY45nHf49NytF4KWw2rwq2UNSeFABAZ/7J3udsGw=
github.com/polevpn/geoip v1.0.0/go.mod h1:Ls6Kh9NMlwJJxqUQUpyzb5mBQzAiwvgmESQdIhdl0Sc=
github.com/polevpn/netstack v1.0.6 h1:+ZZ+N5JzJSUa71bOAyad8YyPiWgc0kwoFAH/ODk3/Bc=
github.com/polevpn/netstack v1.0.6/go.mod h1:bIZcO16BHlmfG7t56hqoXiodF2T3C+e+eUrdHypxrbc=
github.com/polevpn/netstack v1.0.7 h1:HxPOha1gC7vAjPQ2boK5YpMpmVDzJxORxdWLPe+nxxk=
github.com/polevpn/netstack v1.0.7/go.mod h1:bIZcO16BHlmfG7t56hqoXiodF2T3C+e+eUrdHypxrbc=
github.com/polevpn/poleclient v0.0.0-20201116131203-645a0d15cdb6 h1:vcpFqu7CE+Vcbyweuc1jBAdyahmqP9WNqCmXpvoMD2g=
github.com/polevpn/poleclient v0.0.0-20201121051323-8d0969e77706 h1:7PXcaA6QUxb9jEJdMqtCVQunon8CxpRyw9eFfT7PAs4=
github.com/polevpn/poleclient v0.0.0-20201121051323-8d0969e77706/go.mod h1:+PMNFkGHnkGV6x7I6dvc+S1WKCMXHK9eguzWg/Fhhgk=
github.com/polevpn/poleclient v0.0.0-20201121053115-c4c3b7935e4b h1:FiJMIV/O2tkCyz1GMzzGvMHx9zZbmXEKCyoQkl3ctWo=
github.com/polevpn/poleclient v0.0.0-20201121053115-c4c3b7935e4b/go.mod h1:yHeJORfddAzWKnPffAESjCZvOGWJRwYyk7Jw455wMLc=
github.com/polevpn/poleclient v0.0.0-20201121064311-c00b347f10c1 h1:zlEUocvLbwaLVLbr11TqsToNb9+/6tuIBj3X6Kccbvw=
github.com/polevpn/poleclient v0.0.0-20201121064311-c00b347f10c1/go.mod h1:yHeJORfddAzWKnPffAESjCZvOGWJRwYyk7Jw455wMLc=
github.com/polevpn/poleclient v0.0.0-20201121072843-1c003d8c3f65 h1:ahA+4rWGdVc9X2U+4gHXKOUu9E5GgOQKaI+OshrBlLo=
github.com/polevpn/poleclient v0.0.0-20201121072843-1c003d8c3f65/go.mod h1:n3Xhn118JKdKU64hCiDniuPJtxszdQmWC6HmP5Y5TFg=
github.com/polevpn/poleclient v0.0.0-20201121073833-34b6f4f22705 h1:Uw3aE4lOBVwKLvjs2DrdWMZ+tl4V6UqJjILKy8QRW9A=
github.com/polevpn/poleclient v0.0.0-20201121073833-34b6f4f22705/go.mod h1:n3Xhn118JKdKU64hCiDniuPJtxszdQmWC6HmP5Y5TFg=
github.com/polevpn/poleclient v0.0.0-20201121074919-092307b3ab8e h1:9eZS5WRWozC1sbofmMbS6+pqh5u9ZWgz3oUX2lmsU30=
github.com/polevpn/poleclient v0.0.0-20201121074919-092307b3ab8e/go.mod h1:n3Xhn118JKdKU64hCiDniuPJtxszdQmWC6HmP5Y5TFg=
github.com/polevpn/poleclient v0.0.0-20201121080718-d6b5a70ada51 h1:ARjt+tF/d5Vo246lCR/4y0DmFh0fpHBU8DDpcHFeqak=
github.com/polevpn/poleclient v0.0.0-20201121080718-d6b5a70ada51/go.mod h1:n3Xhn118JKdKU64hCiDniuPJtxszdQmWC6HmP5Y5TFg=
github.com/polevpn/water v1.0.1 h1:Qy9EauklrHwkUxL9Wy+lmjVH1l/x8VW7wLn0IW9DipY=
github.com/polevpn/water v1.0.1/go.mod h1:L41gnrOhprREWmwx5yONXP3ABrQ8CJqXvgvD+6B1DsE=
github.com/stretchr/objx v0.1.0/go.mod h1:HFkY916IF+rwdDfMAkV7OtwuqBVzrE8GR6GFx+wExME=
github.com/stretchr/testify v1.6.1/go.mod h1:6Fq8oRcR53rry900zMqJjRRixrwX3KX962/h/Wwjteg=
github.com/vmihailenco/msgpack/v5 v5.0.0 h1:nCaMMPEyfgwkGc/Y0GreJPhuvzqCqW+Ufq5lY7zLO2c=
github.com/vmihailenco/msgpack/v5 v5.0.0/go.mod h1:HVxBVPUK/+fZMonk4bi1islLa8V3cfnBug0+4dykPzo=
github.com/vmihailenco/tagparser v0.1.2 h1:gnjoVuB/kljJ5wICEEOpx98oXMWPLj22G67Vbd1qPqc=
github.com/vmihailenco/tagparser v0.1.2/go.mod h1:OeAg3pn3UbLjkWt+rN9oFYB6u/cQgqMEUPoW2WPyhdI=
golang.org/x/crypto v0.0.0-20190308221718-c2843e01d9a2/go.mod h1:djNgcEr1/C05ACkg1iLfiJU5Ep61QUkGW8qpdssI0+w=
golang.org/x/crypto v0.0.0-20190510104115-cbcb75029529/go.mod h1:yigFU9vqHzYiE8UmvKecakEJjdnWj3jj499lnFckfCI=
golang.org/x/crypto v0.0.0-20191011191535-87dc89f01550/go.mod h1:yigFU9vqHzYiE8UmvKecakEJjdnWj3jj499lnFckfCI=
golang.org/x/crypto v0.0.0-20200622213623-75b288015ac9/go.mod h1:LzIPMQfyMNhhGPhUkYOs5KpL4U8rLKemX1yGLhDgUto=
golang.org/x/exp v0.0.0-20190731235908-ec7cb31e5a56/go.mod h1:JhuoJpWY28nO4Vef9tZUw9qufEGTyX1+7lmHxV5q5G4=
golang.org/x/image v0.0.0-20190227222117-0694c2d4d067/go.mod h1:kZ7UVZpmo3dzQBMxlp+ypCbDeSB+sBbTgSJuh5dn5js=
golang.org/x/image v0.0.0-20190802002840-cff245a6509b/go.mod h1:FeLwcggjj3mMvU+oOTbSwawSJRM1uh48EjtB4UJZlP0=
golang.org/x/mobile v0.0.0-20190312151609-d3739f865fa6/go.mod h1:z+o9i4GpDbdi3rU15maQ/Ox0txvL9dWGYEHz965HBQE=
golang.org/x/mobile v0.0.0-20200801112145-973feb4309de h1:OVJ6QQUBAesB8CZijKDSsXX7xYVtUhrkY0gwMfbi4p4=
golang.org/x/mobile v0.0.0-20200801112145-973feb4309de/go.mod h1:skQtrUTUwhdJvXM/2KKJzY8pDgNr9I/FOMqDVRPBUS4=
golang.org/x/mod v0.1.0/go.mod h1:0QHyrYULN0/3qlju5TqG8bIK38QM8yzMo5ekMj3DlcY=
golang.org/x/mod v0.1.1-0.20191105210325-c90efee705ee/go.mod h1:QqPTAvyqsEbceGzBzNggFXnrqF1CaUcvgkdR5Ot7KZg=
golang.org/x/mod v0.1.1-0.20191209134235-331c550502dd/go.mod h1:s0Qsj1ACt9ePp/hMypM3fl4fZqREWJwdYDEqhRiZZUA=
golang.org/x/net v0.0.0-20190311183353-d8887717615a/go.mod h1:t9HGtf8HONx5eT2rtn7q6eTqICYqUVnKs3thJo3Qplg=
golang.org/x/net v0.0.0-20190404232315-eb5bcb51f2a3/go.mod h1:t9HGtf8HONx5eT2rtn7q6eTqICYqUVnKs3thJo3Qplg=
golang.org/x/net v0.0.0-20190620200207-3b0461eec859/go.mod h1:z5CRVTTTmAJ677TzLLGU+0bjPO0LkuOLi4/5GtJWs/s=
golang.org/x/net v0.0.0-20201110031124-69a78807bb2b h1:uwuIcX0g4Yl1NC5XAz37xsr2lTtcqevgzYNVt49waME=
golang.org/x/net v0.0.0-20201110031124-69a78807bb2b/go.mod h1:sp8m0HH+o8qH0wwXwYZr8TS3Oi6o0r6Gce1SSxlDquU=
golang.org/x/sync v0.0.0-20190423024810-112230192c58/go.mod h1:RxMgew5VJxzue5/jJTE5uejpjVlOe/izrB70Jof72aM=
golang.org/x/sys v0.0.0-20190215142949-d0b11bdaac8a/go.mod h1:STP8DvDyc/dI5b8T5hshtkjS+E42TnysNCUPdjciGhY=
golang.org/x/sys v0.0.0-20190412213103-97732733099d/go.mod h1:h1NjWce9XRLGQEsW7wpKNCjG9DtNlClVuFLEZdDNbEs=
golang.org/x/sys v0.0.0-20200930185726-fdedc70b468f/go.mod h1:h1NjWce9XRLGQEsW7wpKNCjG9DtNlClVuFLEZdDNbEs=
golang.org/x/sys v0.0.0-20201110211018-35f3e6cf4a65 h1:Qo9oJ566/Sq7N4hrGftVXs8GI2CXBCuOd4S2wHE/e0M=
golang.org/x/sys v0.0.0-20201110211018-35f3e6cf4a65/go.mod h1:h1NjWce9XRLGQEsW7wpKNCjG9DtNlClVuFLEZdDNbEs=
golang.org/x/text v0.3.0/go.mod h1:NqM8EUOU14njkJ3fqMW+pc6Ldnwhi/IjpwHt7yyuwOQ=
golang.org/x/text v0.3.3/go.mod h1:5Zoc/QRtKVWzQhOtBMvqHzDpF6irO9z98xDceosuGiQ=
golang.org/x/time v0.0.0-20200630173020-3af7569d3a1e h1:EHBhcS0mlXEAVwNyO2dLfjToGsyY4j24pTs2ScHnX7s=
golang.org/x/time v0.0.0-20200630173020-3af7569d3a1e/go.mod h1:tRJNPiyCQ0inRvYxbN9jk5I+vvW/OXSQhTDSoE431IQ=
golang.org/x/tools v0.0.0-20180917221912-90fa682c2a6e/go.mod h1:n7NCudcB/nEzxVGmLbDWY5pfWTLqBcC2KZ6jyYvM4mQ=
golang.org/x/tools v0.0.0-20190312151545-0bb0c0a6e846/go.mod h1:LCzVGOaR6xXOjkQ3onu1FJEFr0SW1gC7cKk1uF8kGRs=
golang.org/x/tools v0.0.0-20191119224855-298f0cb1881e/go.mod h1:b+2E5dAYhXwXZwtnZ6UAqBI28+e2cm9otk0dWdXHAEo=
golang.org/x/tools v0.0.0-20200117012304-6edc0a871e69 h1:yBHHx+XZqXJBm6Exke3N7V9gnlsyXxoCPEb1yVenjfk=
golang.org/x/tools v0.0.0-20200117012304-6edc0a871e69/go.mod h1:TB2adYChydJhpapKDTa4BR/hXlZSLoq2Wpct/0txZ28=
golang.org/x/xerrors v0.0.0-20190717185122-a985d3407aa7/go.mod h1:I/5z698sn9Ka8TeJc9MKroUUfqBBauWjQqLJ2OPfmY0=
golang.org/x/xerrors v0.0.0-20191011141410-1b5146add898/go.mod h1:I/5z698sn9Ka8TeJc9MKroUUfqBBauWjQqLJ2OPfmY0=
golang.org/x/xerrors v0.0.0-20191204190536-9bdfabe68543/go.mod h1:I/5z698sn9Ka8TeJc9MKroUUfqBBauWjQqLJ2OPfmY0=
gopkg.in/check.v1 v0.0.0-20161208181325-20d25e280405/go.mod h1:Co6ibVJAznAaIkqp8huTwlJQCZ016jof/cbN4VW5Yz0=
gopkg.in/check.v1 v1.0.0-20180628173108-788fd7840127/go.mod h1:Co6ibVJAznAaIkqp8huTwlJQCZ016jof/cbN4VW5Yz0=
gopkg.in/yaml.v2 v2.3.0 h1:clyUAQHOM3G0M3f5vQj7LuJrETvjVot3Z5el9nffUtU=
gopkg.in/yaml.v2 v2.3.0/go.mod h1:hI93XBmqTisBFMUTm0b8Fm+jr3Dg1NNxqwp+5A1VGuI=
gopkg.in/yaml.v3 v3.0.0-20200313102051-9f266ea9e77c/go.mod h1:K4uyk7z7BCEPqu6E+C64Yfv1cQ7kz7rIZviUmN+EgEM=
